
Microsoft Visual Studio Solution File, Format Version 12.00
# Visual Studio Version 17
VisualStudioVersion = 17.9.34616.47
MinimumVisualStudioVersion = 10.0.40219.1
Project("{FAE04EC0-301F-11D3-BF4B-00C04F79EFBC}") = "ProgramaListasU2Prolog", "ProgramaListasU2Prolog\ProgramaListasU2Prolog.csproj", "{5780F593-915A-4CE6-8799-1C84D2E3B347}"
EndProject
Global
	GlobalSection(SolutionConfigurationPlatforms) = preSolution
		Debug|Any CPU = Debug|Any CPU
		Release|Any CPU = Release|Any CPU
	EndGlobalSection
	GlobalSection(ProjectConfigurationPlatforms) = postSolution
		{5780F593-915A-4CE6-8799-1C84D2E3B347}.Debug|Any CPU.ActiveCfg = Debug|Any CPU
		{5780F593-915A-4CE6-8799-1C84D2E3B347}.Debug|Any CPU.Build.0 = Debug|Any CPU
		{5780F593-915A-4CE6-8799-1C84D2E3B347}.Release|Any CPU.ActiveCfg = Release|Any CPU
		{5780F593-915A-4CE6-8799-1C84D2E3B347}.Release|Any CPU.Build.0 = Release|Any CPU
	EndGlobalSection
	GlobalSection(SolutionProperties) = preSolution
		HideSolutionNode = FALSE
	EndGlobalSection
	GlobalSection(ExtensibilityGlobals) = postSolution
		SolutionGuid = {B31DD70B-F4F0-407C-8FAF-C05CCADB34C5}
	EndGlobalSection
EndGlobal
